
Microsoft Visual Studio Solution File, Format Version 12.00
# Visual Studio 14
VisualStudioVersion = 14.0.25420.1
MinimumVisualStudioVersion = 10.0.40219.1
Project("{FAE04EC0-301F-11D3-BF4B-00C04F79EFBC}") = "Presentation", "Presentation\Presentation.csproj", "{83D31AFF-AD20-47F0-B056-01B1912C9795}"
EndProject
Project("{FAE04EC0-301F-11D3-BF4B-00C04F79EFBC}") = "Service", "Service\Service.csproj", "{6A053202-BAFA-4207-8AF9-56AF3654CC7E}"
EndProject
Project("{FAE04EC0-301F-11D3-BF4B-00C04F79EFBC}") = "Repository", "Repository\Repository.csproj", "{9286727F-86EA-4A88-9F57-0E7385815B9E}"
EndProject
Global
	GlobalSection(SolutionConfigurationPlatforms) = preSolution
		Debug|Any CPU = Debug|Any CPU
		Release|Any CPU = Release|Any CPU
	EndGlobalSection
	GlobalSection(ProjectConfigurationPlatforms) = postSolution
		{83D31AFF-AD20-47F0-B056-01B1912C9795}.Debug|Any CPU.ActiveCfg = Debug|Any CPU
		{83D31AFF-AD20-47F0-B056-01B1912C9795}.Debug|Any CPU.Build.0 = Debug|Any CPU
		{83D31AFF-AD20-47F0-B056-01B1912C9795}.Release|Any CPU.ActiveCfg = Release|Any CPU
		{83D31AFF-AD20-47F0-B056-01B1912C9795}.Release|Any CPU.Build.0 = Release|Any CPU
		{6A053202-BAFA-4207-8AF9-56AF3654CC7E}.Debug|Any CPU.ActiveCfg = Debug|Any CPU
		{6A053202-BAFA-4207-8AF9-56AF3654CC7E}.Debug|Any CPU.Build.0 = Debug|Any CPU
		{6A053202-BAFA-4207-8AF9-56AF3654CC7E}.Release|Any CPU.ActiveCfg = Release|Any CPU
		{6A053202-BAFA-4207-8AF9-56AF3654CC7E}.Release|Any CPU.Build.0 = Release|Any CPU
		{9286727F-86EA-4A88-9F57-0E7385815B9E}.Debug|Any CPU.ActiveCfg = Debug|Any CPU
		{9286727F-86EA-4A88-9F57-0E7385815B9E}.Debug|Any CPU.Build.0 = Debug|Any CPU
		{9286727F-86EA-4A88-9F57-0E7385815B9E}.Release|Any CPU.ActiveCfg = Release|Any CPU
		{9286727F-86EA-4A88-9F57-0E7385815B9E}.Release|Any CPU.Build.0 = Release|Any CPU
	EndGlobalSection
	GlobalSection(SolutionProperties) = preSolution
		HideSolutionNode = FALSE
	EndGlobalSection
EndGlobal
